
Microsoft Visual Studio Solution File, Format Version 12.00
# Visual Studio Version 16
VisualStudioVersion = 16.0.31025.194
MinimumVisualStudioVersion = 10.0.40219.1
Project("{FAE04EC0-301F-11D3-BF4B-00C04F79EFBC}") = "Frolov_DSS", "Frolov_DSS\Frolov_DSS.csproj", "{BDC46FB2-519A-48C5-ADBD-84B96F861A7F}"
EndProject
Global
	GlobalSection(SolutionConfigurationPlatforms) = preSolution
		Debug|Any CPU = Debug|Any CPU
		Release|Any CPU = Release|Any CPU
	EndGlobalSection
	GlobalSection(ProjectConfigurationPlatforms) = postSolution
		{BDC46FB2-519A-48C5-ADBD-84B96F861A7F}.Debug|Any CPU.ActiveCfg = Debug|Any CPU
		{BDC46FB2-519A-48C5-ADBD-84B96F861A7F}.Debug|Any CPU.Build.0 = Debug|Any CPU
		{BDC46FB2-519A-48C5-ADBD-84B96F861A7F}.Release|Any CPU.ActiveCfg = Release|Any CPU
		{BDC46FB2-519A-48C5-ADBD-84B96F861A7F}.Release|Any CPU.Build.0 = Release|Any CPU
	EndGlobalSection
	GlobalSection(SolutionProperties) = preSolution
		HideSolutionNode = FALSE
	EndGlobalSection
	GlobalSection(ExtensibilityGlobals) = postSolution
		SolutionGuid = {B3516EAF-02AC-479B-A922-8860F0625DAB}
	EndGlobalSection
EndGlobal
